
Microsoft Visual Studio Solution File, Format Version 12.00
# Visual Studio Version 16
VisualStudioVersion = 16.0.30011.22
MinimumVisualStudioVersion = 10.0.40219.1
Project("{FAE04EC0-301F-11D3-BF4B-00C04F79EFBC}") = "conteoVehiculos", "conteoVehiculos.csproj", "{05B7ACB8-0A83-475C-B5BE-3EC83A80800A}"
EndProject
Global
	GlobalSection(SolutionConfigurationPlatforms) = preSolution
		Debug|Any CPU = Debug|Any CPU
		Release|Any CPU = Release|Any CPU
	EndGlobalSection
	GlobalSection(ProjectConfigurationPlatforms) = postSolution
		{05B7ACB8-0A83-475C-B5BE-3EC83A80800A}.Debug|Any CPU.ActiveCfg = Debug|Any CPU
		{05B7ACB8-0A83-475C-B5BE-3EC83A80800A}.Debug|Any CPU.Build.0 = Debug|Any CPU
		{05B7ACB8-0A83-475C-B5BE-3EC83A80800A}.Release|Any CPU.ActiveCfg = Release|Any CPU
		{05B7ACB8-0A83-475C-B5BE-3EC83A80800A}.Release|Any CPU.Build.0 = Release|Any CPU
	EndGlobalSection
	GlobalSection(SolutionProperties) = preSolution
		HideSolutionNode = FALSE
	EndGlobalSection
	GlobalSection(ExtensibilityGlobals) = postSolution
		SolutionGuid = {3691D2AB-E134-4BF3-B47D-A225A97C69D9}
	EndGlobalSection
EndGlobal
